
Microsoft Visual Studio Solution File, Format Version 12.00
# Visual Studio Version 17
VisualStudioVersion = 17.3.32929.385
MinimumVisualStudioVersion = 10.0.40219.1
Project("{FAE04EC0-301F-11D3-BF4B-00C04F79EFBC}") = "ПР10", "ПР10\ПР10.csproj", "{6A1626E9-C532-40D5-A839-F3A03EA27B25}"
EndProject
Global
	GlobalSection(SolutionConfigurationPlatforms) = preSolution
		Debug|Any CPU = Debug|Any CPU
		Release|Any CPU = Release|Any CPU
	EndGlobalSection
	GlobalSection(ProjectConfigurationPlatforms) = postSolution
		{6A1626E9-C532-40D5-A839-F3A03EA27B25}.Debug|Any CPU.ActiveCfg = Debug|Any CPU
		{6A1626E9-C532-40D5-A839-F3A03EA27B25}.Debug|Any CPU.Build.0 = Debug|Any CPU
		{6A1626E9-C532-40D5-A839-F3A03EA27B25}.Release|Any CPU.ActiveCfg = Release|Any CPU
		{6A1626E9-C532-40D5-A839-F3A03EA27B25}.Release|Any CPU.Build.0 = Release|Any CPU
	EndGlobalSection
	GlobalSection(SolutionProperties) = preSolution
		HideSolutionNode = FALSE
	EndGlobalSection
	GlobalSection(ExtensibilityGlobals) = postSolution
		SolutionGuid = {4AE5AFF8-0247-4DC5-85BC-B3390F1E31C4}
	EndGlobalSection
EndGlobal
